
Microsoft Visual Studio Solution File, Format Version 10.00
# Visual Studio 2008
Project("{8BC9CEB8-8B4A-11D0-8D11-00A0C91BC942}") = "DMPwp", "DMPwp\DMPwp.vcproj", "{505F830B-FBFF-49C2-A37C-537F8FDEEF28}"
EndProject
Global
	GlobalSection(SolutionConfigurationPlatforms) = preSolution
		Debug|Win32 = Debug|Win32
		Release|Win32 = Release|Win32
	EndGlobalSection
	GlobalSection(ProjectConfigurationPlatforms) = postSolution
		{505F830B-FBFF-49C2-A37C-537F8FDEEF28}.Debug|Win32.ActiveCfg = Debug|Win32
		{505F830B-FBFF-49C2-A37C-537F8FDEEF28}.Debug|Win32.Build.0 = Debug|Win32
		{505F830B-FBFF-49C2-A37C-537F8FDEEF28}.Release|Win32.ActiveCfg = Release|Win32
		{505F830B-FBFF-49C2-A37C-537F8FDEEF28}.Release|Win32.Build.0 = Release|Win32
	EndGlobalSection
	GlobalSection(SolutionProperties) = preSolution
		HideSolutionNode = FALSE
	EndGlobalSection
EndGlobal
